
Microsoft Visual Studio Solution File, Format Version 12.00
# Visual Studio Version 16
VisualStudioVersion = 16.0.31613.86
MinimumVisualStudioVersion = 10.0.40219.1
Project("{FAE04EC0-301F-11D3-BF4B-00C04F79EFBC}") = "ClientChatApp", "ClientChatApp\ClientChatApp.csproj", "{C06ACBC2-E6DA-4120-A975-594F353E388B}"
EndProject
Project("{D954291E-2A0B-460D-934E-DC6B0785DB48}") = "ClientServerLib", "ClientServerLib\ClientServerLib.shproj", "{A8F851A7-857B-410D-8FE5-06BB50F0E561}"
EndProject
Project("{FAE04EC0-301F-11D3-BF4B-00C04F79EFBC}") = "ChatServer", "ChatServer\ChatServer.csproj", "{ED681150-0315-4E19-808D-BCE9AEB64E01}"
EndProject
Global
	GlobalSection(SharedMSBuildProjectFiles) = preSolution
		ClientServerLib\ClientServerLib.projitems*{a8f851a7-857b-410d-8fe5-06bb50f0e561}*SharedItemsImports = 13
	EndGlobalSection
	GlobalSection(SolutionConfigurationPlatforms) = preSolution
		Debug|Any CPU = Debug|Any CPU
		Release|Any CPU = Release|Any CPU
	EndGlobalSection
	GlobalSection(ProjectConfigurationPlatforms) = postSolution
		{C06ACBC2-E6DA-4120-A975-594F353E388B}.Debug|Any CPU.ActiveCfg = Debug|Any CPU
		{C06ACBC2-E6DA-4120-A975-594F353E388B}.Debug|Any CPU.Build.0 = Debug|Any CPU
		{C06ACBC2-E6DA-4120-A975-594F353E388B}.Release|Any CPU.ActiveCfg = Release|Any CPU
		{C06ACBC2-E6DA-4120-A975-594F353E388B}.Release|Any CPU.Build.0 = Release|Any CPU
		{ED681150-0315-4E19-808D-BCE9AEB64E01}.Debug|Any CPU.ActiveCfg = Debug|Any CPU
		{ED681150-0315-4E19-808D-BCE9AEB64E01}.Debug|Any CPU.Build.0 = Debug|Any CPU
		{ED681150-0315-4E19-808D-BCE9AEB64E01}.Release|Any CPU.ActiveCfg = Release|Any CPU
		{ED681150-0315-4E19-808D-BCE9AEB64E01}.Release|Any CPU.Build.0 = Release|Any CPU
	EndGlobalSection
	GlobalSection(SolutionProperties) = preSolution
		HideSolutionNode = FALSE
	EndGlobalSection
	GlobalSection(ExtensibilityGlobals) = postSolution
		SolutionGuid = {96F887E1-583E-4018-9806-C36BA5C4CCFA}
	EndGlobalSection
EndGlobal
