
Microsoft Visual Studio Solution File, Format Version 12.00
# Visual Studio 14
VisualStudioVersion = 14.0.25420.1
MinimumVisualStudioVersion = 10.0.40219.1
Project("{FAE04EC0-301F-11D3-BF4B-00C04F79EFBC}") = "RestApiDemo", "RestApiDemo\RestApiDemo.csproj", "{5E8E705F-CC09-41B8-B0DA-8FC00BCC36F9}"
EndProject
Project("{FAE04EC0-301F-11D3-BF4B-00C04F79EFBC}") = "BitConverterDemo", "BitConverterDemo\BitConverterDemo.csproj", "{D7249866-C0D0-4B55-B595-C9B34C700DC1}"
EndProject
Global
	GlobalSection(SolutionConfigurationPlatforms) = preSolution
		Debug|Any CPU = Debug|Any CPU
		Release|Any CPU = Release|Any CPU
	EndGlobalSection
	GlobalSection(ProjectConfigurationPlatforms) = postSolution
		{5E8E705F-CC09-41B8-B0DA-8FC00BCC36F9}.Debug|Any CPU.ActiveCfg = Debug|Any CPU
		{5E8E705F-CC09-41B8-B0DA-8FC00BCC36F9}.Debug|Any CPU.Build.0 = Debug|Any CPU
		{5E8E705F-CC09-41B8-B0DA-8FC00BCC36F9}.Release|Any CPU.ActiveCfg = Release|Any CPU
		{5E8E705F-CC09-41B8-B0DA-8FC00BCC36F9}.Release|Any CPU.Build.0 = Release|Any CPU
		{D7249866-C0D0-4B55-B595-C9B34C700DC1}.Debug|Any CPU.ActiveCfg = Debug|Any CPU
		{D7249866-C0D0-4B55-B595-C9B34C700DC1}.Debug|Any CPU.Build.0 = Debug|Any CPU
		{D7249866-C0D0-4B55-B595-C9B34C700DC1}.Release|Any CPU.ActiveCfg = Release|Any CPU
		{D7249866-C0D0-4B55-B595-C9B34C700DC1}.Release|Any CPU.Build.0 = Release|Any CPU
	EndGlobalSection
	GlobalSection(SolutionProperties) = preSolution
		HideSolutionNode = FALSE
	EndGlobalSection
EndGlobal
