
Microsoft Visual Studio Solution File, Format Version 12.00
# Visual Studio Version 16
VisualStudioVersion = 16.0.29230.47
MinimumVisualStudioVersion = 10.0.40219.1
Project("{FAE04EC0-301F-11D3-BF4B-00C04F79EFBC}") = "TaskRunExample", "ConsoleApplication2\TaskRunExample.csproj", "{0BADE6C5-4B63-4805-93DF-13F6403D4656}"
EndProject
Project("{FAE04EC0-301F-11D3-BF4B-00C04F79EFBC}") = "AsyncServer", "ClientServerAsync\AsyncServer.csproj", "{75C2E94A-F910-47B6-AFAF-D58CBF018ED2}"
EndProject
Project("{FAE04EC0-301F-11D3-BF4B-00C04F79EFBC}") = "AsyncClient", "ClientAsync\AsyncClient.csproj", "{607E2D83-F987-4555-BEE3-4092D4D6B83C}"
EndProject
Project("{FAE04EC0-301F-11D3-BF4B-00C04F79EFBC}") = "1 - Foundations", "Foundations\1 - Foundations.csproj", "{A861E363-82CB-4AF6-978D-2576145B360F}"
EndProject
Project("{FAE04EC0-301F-11D3-BF4B-00C04F79EFBC}") = "PrimeCountAsync", "PrimeCountAsync\PrimeCountAsync.csproj", "{236E377F-2025-46DC-B149-0B8209FCC886}"
EndProject
Project("{FAE04EC0-301F-11D3-BF4B-00C04F79EFBC}") = "2 - AsyncReadAllText", "AsyncReadAllText\2 - AsyncReadAllText.csproj", "{A506F5A5-2056-4C3A-8520-80CCDF2710C1}"
EndProject
Project("{FAE04EC0-301F-11D3-BF4B-00C04F79EFBC}") = "LoadWebsitesAsync", "LoadWebsitesAsync\LoadWebsitesAsync.csproj", "{5CBB5CAC-9BC7-4A1B-99F9-84439855C775}"
EndProject
Global
	GlobalSection(SolutionConfigurationPlatforms) = preSolution
		Debug|Any CPU = Debug|Any CPU
		Debug|Mixed Platforms = Debug|Mixed Platforms
		Debug|x86 = Debug|x86
		Release|Any CPU = Release|Any CPU
		Release|Mixed Platforms = Release|Mixed Platforms
		Release|x86 = Release|x86
	EndGlobalSection
	GlobalSection(ProjectConfigurationPlatforms) = postSolution
		{0BADE6C5-4B63-4805-93DF-13F6403D4656}.Debug|Any CPU.ActiveCfg = Debug|Any CPU
		{0BADE6C5-4B63-4805-93DF-13F6403D4656}.Debug|Any CPU.Build.0 = Debug|Any CPU
		{0BADE6C5-4B63-4805-93DF-13F6403D4656}.Debug|Mixed Platforms.ActiveCfg = Debug|Any CPU
		{0BADE6C5-4B63-4805-93DF-13F6403D4656}.Debug|Mixed Platforms.Build.0 = Debug|Any CPU
		{0BADE6C5-4B63-4805-93DF-13F6403D4656}.Debug|x86.ActiveCfg = Debug|Any CPU
		{0BADE6C5-4B63-4805-93DF-13F6403D4656}.Release|Any CPU.ActiveCfg = Release|Any CPU
		{0BADE6C5-4B63-4805-93DF-13F6403D4656}.Release|Any CPU.Build.0 = Release|Any CPU
		{0BADE6C5-4B63-4805-93DF-13F6403D4656}.Release|Mixed Platforms.ActiveCfg = Release|Any CPU
		{0BADE6C5-4B63-4805-93DF-13F6403D4656}.Release|Mixed Platforms.Build.0 = Release|Any CPU
		{0BADE6C5-4B63-4805-93DF-13F6403D4656}.Release|x86.ActiveCfg = Release|Any CPU
		{75C2E94A-F910-47B6-AFAF-D58CBF018ED2}.Debug|Any CPU.ActiveCfg = Debug|Any CPU
		{75C2E94A-F910-47B6-AFAF-D58CBF018ED2}.Debug|Any CPU.Build.0 = Debug|Any CPU
		{75C2E94A-F910-47B6-AFAF-D58CBF018ED2}.Debug|Mixed Platforms.ActiveCfg = Debug|Any CPU
		{75C2E94A-F910-47B6-AFAF-D58CBF018ED2}.Debug|Mixed Platforms.Build.0 = Debug|Any CPU
		{75C2E94A-F910-47B6-AFAF-D58CBF018ED2}.Debug|x86.ActiveCfg = Debug|Any CPU
		{75C2E94A-F910-47B6-AFAF-D58CBF018ED2}.Release|Any CPU.ActiveCfg = Release|Any CPU
		{75C2E94A-F910-47B6-AFAF-D58CBF018ED2}.Release|Any CPU.Build.0 = Release|Any CPU
		{75C2E94A-F910-47B6-AFAF-D58CBF018ED2}.Release|Mixed Platforms.ActiveCfg = Release|Any CPU
		{75C2E94A-F910-47B6-AFAF-D58CBF018ED2}.Release|Mixed Platforms.Build.0 = Release|Any CPU
		{75C2E94A-F910-47B6-AFAF-D58CBF018ED2}.Release|x86.ActiveCfg = Release|Any CPU
		{607E2D83-F987-4555-BEE3-4092D4D6B83C}.Debug|Any CPU.ActiveCfg = Debug|Any CPU
		{607E2D83-F987-4555-BEE3-4092D4D6B83C}.Debug|Any CPU.Build.0 = Debug|Any CPU
		{607E2D83-F987-4555-BEE3-4092D4D6B83C}.Debug|Mixed Platforms.ActiveCfg = Debug|Any CPU
		{607E2D83-F987-4555-BEE3-4092D4D6B83C}.Debug|Mixed Platforms.Build.0 = Debug|Any CPU
		{607E2D83-F987-4555-BEE3-4092D4D6B83C}.Debug|x86.ActiveCfg = Debug|Any CPU
		{607E2D83-F987-4555-BEE3-4092D4D6B83C}.Release|Any CPU.ActiveCfg = Release|Any CPU
		{607E2D83-F987-4555-BEE3-4092D4D6B83C}.Release|Any CPU.Build.0 = Release|Any CPU
		{607E2D83-F987-4555-BEE3-4092D4D6B83C}.Release|Mixed Platforms.ActiveCfg = Release|Any CPU
		{607E2D83-F987-4555-BEE3-4092D4D6B83C}.Release|Mixed Platforms.Build.0 = Release|Any CPU
		{607E2D83-F987-4555-BEE3-4092D4D6B83C}.Release|x86.ActiveCfg = Release|Any CPU
		{A861E363-82CB-4AF6-978D-2576145B360F}.Debug|Any CPU.ActiveCfg = Debug|Any CPU
		{A861E363-82CB-4AF6-978D-2576145B360F}.Debug|Any CPU.Build.0 = Debug|Any CPU
		{A861E363-82CB-4AF6-978D-2576145B360F}.Debug|Mixed Platforms.ActiveCfg = Debug|Any CPU
		{A861E363-82CB-4AF6-978D-2576145B360F}.Debug|Mixed Platforms.Build.0 = Debug|Any CPU
		{A861E363-82CB-4AF6-978D-2576145B360F}.Debug|x86.ActiveCfg = Debug|Any CPU
		{A861E363-82CB-4AF6-978D-2576145B360F}.Release|Any CPU.ActiveCfg = Release|Any CPU
		{A861E363-82CB-4AF6-978D-2576145B360F}.Release|Any CPU.Build.0 = Release|Any CPU
		{A861E363-82CB-4AF6-978D-2576145B360F}.Release|Mixed Platforms.ActiveCfg = Release|Any CPU
		{A861E363-82CB-4AF6-978D-2576145B360F}.Release|Mixed Platforms.Build.0 = Release|Any CPU
		{A861E363-82CB-4AF6-978D-2576145B360F}.Release|x86.ActiveCfg = Release|Any CPU
		{236E377F-2025-46DC-B149-0B8209FCC886}.Debug|Any CPU.ActiveCfg = Debug|Any CPU
		{236E377F-2025-46DC-B149-0B8209FCC886}.Debug|Any CPU.Build.0 = Debug|Any CPU
		{236E377F-2025-46DC-B149-0B8209FCC886}.Debug|Mixed Platforms.ActiveCfg = Debug|Any CPU
		{236E377F-2025-46DC-B149-0B8209FCC886}.Debug|Mixed Platforms.Build.0 = Debug|Any CPU
		{236E377F-2025-46DC-B149-0B8209FCC886}.Debug|x86.ActiveCfg = Debug|Any CPU
		{236E377F-2025-46DC-B149-0B8209FCC886}.Release|Any CPU.ActiveCfg = Release|Any CPU
		{236E377F-2025-46DC-B149-0B8209FCC886}.Release|Any CPU.Build.0 = Release|Any CPU
		{236E377F-2025-46DC-B149-0B8209FCC886}.Release|Mixed Platforms.ActiveCfg = Release|Any CPU
		{236E377F-2025-46DC-B149-0B8209FCC886}.Release|Mixed Platforms.Build.0 = Release|Any CPU
		{236E377F-2025-46DC-B149-0B8209FCC886}.Release|x86.ActiveCfg = Release|Any CPU
		{A506F5A5-2056-4C3A-8520-80CCDF2710C1}.Debug|Any CPU.ActiveCfg = Debug|Any CPU
		{A506F5A5-2056-4C3A-8520-80CCDF2710C1}.Debug|Any CPU.Build.0 = Debug|Any CPU
		{A506F5A5-2056-4C3A-8520-80CCDF2710C1}.Debug|Mixed Platforms.ActiveCfg = Debug|Any CPU
		{A506F5A5-2056-4C3A-8520-80CCDF2710C1}.Debug|Mixed Platforms.Build.0 = Debug|Any CPU
		{A506F5A5-2056-4C3A-8520-80CCDF2710C1}.Debug|x86.ActiveCfg = Debug|Any CPU
		{A506F5A5-2056-4C3A-8520-80CCDF2710C1}.Debug|x86.Build.0 = Debug|Any CPU
		{A506F5A5-2056-4C3A-8520-80CCDF2710C1}.Release|Any CPU.ActiveCfg = Release|Any CPU
		{A506F5A5-2056-4C3A-8520-80CCDF2710C1}.Release|Any CPU.Build.0 = Release|Any CPU
		{A506F5A5-2056-4C3A-8520-80CCDF2710C1}.Release|Mixed Platforms.ActiveCfg = Release|Any CPU
		{A506F5A5-2056-4C3A-8520-80CCDF2710C1}.Release|Mixed Platforms.Build.0 = Release|Any CPU
		{A506F5A5-2056-4C3A-8520-80CCDF2710C1}.Release|x86.ActiveCfg = Release|Any CPU
		{A506F5A5-2056-4C3A-8520-80CCDF2710C1}.Release|x86.Build.0 = Release|Any CPU
		{5CBB5CAC-9BC7-4A1B-99F9-84439855C775}.Debug|Any CPU.ActiveCfg = Debug|Any CPU
		{5CBB5CAC-9BC7-4A1B-99F9-84439855C775}.Debug|Any CPU.Build.0 = Debug|Any CPU
		{5CBB5CAC-9BC7-4A1B-99F9-84439855C775}.Debug|Mixed Platforms.ActiveCfg = Debug|Any CPU
		{5CBB5CAC-9BC7-4A1B-99F9-84439855C775}.Debug|Mixed Platforms.Build.0 = Debug|Any CPU
		{5CBB5CAC-9BC7-4A1B-99F9-84439855C775}.Debug|x86.ActiveCfg = Debug|Any CPU
		{5CBB5CAC-9BC7-4A1B-99F9-84439855C775}.Debug|x86.Build.0 = Debug|Any CPU
		{5CBB5CAC-9BC7-4A1B-99F9-84439855C775}.Release|Any CPU.ActiveCfg = Release|Any CPU
		{5CBB5CAC-9BC7-4A1B-99F9-84439855C775}.Release|Any CPU.Build.0 = Release|Any CPU
		{5CBB5CAC-9BC7-4A1B-99F9-84439855C775}.Release|Mixed Platforms.ActiveCfg = Release|Any CPU
		{5CBB5CAC-9BC7-4A1B-99F9-84439855C775}.Release|Mixed Platforms.Build.0 = Release|Any CPU
		{5CBB5CAC-9BC7-4A1B-99F9-84439855C775}.Release|x86.ActiveCfg = Release|Any CPU
		{5CBB5CAC-9BC7-4A1B-99F9-84439855C775}.Release|x86.Build.0 = Release|Any CPU
	EndGlobalSection
	GlobalSection(SolutionProperties) = preSolution
		HideSolutionNode = FALSE
	EndGlobalSection
	GlobalSection(ExtensibilityGlobals) = postSolution
		SolutionGuid = {30EB1A2A-5BB4-4476-8CC4-785ED1502F35}
	EndGlobalSection
EndGlobal
