
Microsoft Visual Studio Solution File, Format Version 12.00
# Visual Studio 15
VisualStudioVersion = 15.0.26730.12
MinimumVisualStudioVersion = 10.0.40219.1
Project("{FAE04EC0-301F-11D3-BF4B-00C04F79EFBC}") = "ExampleBeginEndInvokeDelegate-1", "ExampleBeginEndInvokeDelegate\ExampleBeginEndInvokeDelegate-1.csproj", "{5DDA3C01-FA10-47D5-8FE5-5E92A83893ED}"
EndProject
Project("{FAE04EC0-301F-11D3-BF4B-00C04F79EFBC}") = "ExampleBeginEndInvokeDelegate-2", "ExampleBeginEndInvokeDelegate-2\ExampleBeginEndInvokeDelegate-2.csproj", "{ADEAB061-7B58-4FF6-8B0D-27612F068358}"
EndProject
Project("{FAE04EC0-301F-11D3-BF4B-00C04F79EFBC}") = "IntroToTask", "ConsoleApplication1\IntroToTask.csproj", "{9B8046E6-E0D7-4AED-BB79-15B894533372}"
EndProject
Project("{FAE04EC0-301F-11D3-BF4B-00C04F79EFBC}") = "TPLPrimes", "TPLPrimes\TPLPrimes.csproj", "{37713DF4-BEE3-48A6-BD24-BEFB5FC62264}"
EndProject
Project("{FAE04EC0-301F-11D3-BF4B-00C04F79EFBC}") = "ParallelFor", "ParallelFor\ParallelFor.csproj", "{5E8655E1-70B7-43E6-8E2D-39ECCB2C55F9}"
EndProject
Project("{FAE04EC0-301F-11D3-BF4B-00C04F79EFBC}") = "ParallelInvoke", "ParallelInvoke\ParallelInvoke.csproj", "{5C7638C6-DF11-4590-9A1F-92EE7D882831}"
EndProject
Project("{FAE04EC0-301F-11D3-BF4B-00C04F79EFBC}") = "TPLTextProcess", "TPLTextProcess\TPLTextProcess.csproj", "{9A03239A-2EB9-4E1C-9666-61F81CF17F85}"
EndProject
Project("{FAE04EC0-301F-11D3-BF4B-00C04F79EFBC}") = "0-BookDelegate", "BookDelegate\0-BookDelegate.csproj", "{687FE4B7-C6A4-49A8-9EE8-1593C820341C}"
EndProject
Project("{FAE04EC0-301F-11D3-BF4B-00C04F79EFBC}") = "3c-ClockEvent", "ClockEvent\3c-ClockEvent.csproj", "{5846FEBE-FFD6-4143-B35C-1873BBB7FEBB}"
EndProject
Project("{FAE04EC0-301F-11D3-BF4B-00C04F79EFBC}") = "4-CrossThreadException", "CrossThreadException1\4-CrossThreadException.csproj", "{2219742E-E5EC-47E5-BB12-3009099945DB}"
EndProject
Project("{FAE04EC0-301F-11D3-BF4B-00C04F79EFBC}") = "3a-ListenToMouseEvents", "AnonymousMethods\3a-ListenToMouseEvents.csproj", "{58A44294-4710-41F0-AB79-CF96A29371F8}"
EndProject
Project("{FAE04EC0-301F-11D3-BF4B-00C04F79EFBC}") = "2-MulticastDelegate", "MulticastDelegate\2-MulticastDelegate.csproj", "{DBBA9B97-9B78-43CD-9E55-7DAA7DE081E3}"
EndProject
Project("{FAE04EC0-301F-11D3-BF4B-00C04F79EFBC}") = "3b-FireAlarm", "FireAlarm\3b-FireAlarm.csproj", "{E29B1528-FE2A-420C-9C79-51CA59575B12}"
EndProject
Project("{FAE04EC0-301F-11D3-BF4B-00C04F79EFBC}") = "1a-ForEachDelegate", "ForEachDelegate\1a-ForEachDelegate.csproj", "{398A2E39-C50A-4E83-8BBC-176394F4B6BD}"
EndProject
Project("{FAE04EC0-301F-11D3-BF4B-00C04F79EFBC}") = "TestInvokeLabel", "TestInvokeForms\TestInvokeLabel.csproj", "{2DF9C0EE-1BBD-411B-A4BE-9DEF4A6DCA5A}"
EndProject
Project("{FAE04EC0-301F-11D3-BF4B-00C04F79EFBC}") = "1b-TestClosures", "TestClosures\1b-TestClosures.csproj", "{04A1A79F-10F4-49DF-B296-53AE21E288CF}"
EndProject
Project("{FAE04EC0-301F-11D3-BF4B-00C04F79EFBC}") = "TestDynamics", "TestDynamicsAndExcel\TestDynamics.csproj", "{9D721287-3E5C-4406-A334-33F9932ED86E}"
EndProject
Global
	GlobalSection(SolutionConfigurationPlatforms) = preSolution
		Debug|Any CPU = Debug|Any CPU
		Debug|Mixed Platforms = Debug|Mixed Platforms
		Debug|x86 = Debug|x86
		Release|Any CPU = Release|Any CPU
		Release|Mixed Platforms = Release|Mixed Platforms
		Release|x86 = Release|x86
	EndGlobalSection
	GlobalSection(ProjectConfigurationPlatforms) = postSolution
		{5DDA3C01-FA10-47D5-8FE5-5E92A83893ED}.Debug|Any CPU.ActiveCfg = Debug|Any CPU
		{5DDA3C01-FA10-47D5-8FE5-5E92A83893ED}.Debug|Any CPU.Build.0 = Debug|Any CPU
		{5DDA3C01-FA10-47D5-8FE5-5E92A83893ED}.Debug|Mixed Platforms.ActiveCfg = Debug|Any CPU
		{5DDA3C01-FA10-47D5-8FE5-5E92A83893ED}.Debug|Mixed Platforms.Build.0 = Debug|Any CPU
		{5DDA3C01-FA10-47D5-8FE5-5E92A83893ED}.Debug|x86.ActiveCfg = Debug|Any CPU
		{5DDA3C01-FA10-47D5-8FE5-5E92A83893ED}.Release|Any CPU.ActiveCfg = Release|Any CPU
		{5DDA3C01-FA10-47D5-8FE5-5E92A83893ED}.Release|Any CPU.Build.0 = Release|Any CPU
		{5DDA3C01-FA10-47D5-8FE5-5E92A83893ED}.Release|Mixed Platforms.ActiveCfg = Release|Any CPU
		{5DDA3C01-FA10-47D5-8FE5-5E92A83893ED}.Release|Mixed Platforms.Build.0 = Release|Any CPU
		{5DDA3C01-FA10-47D5-8FE5-5E92A83893ED}.Release|x86.ActiveCfg = Release|Any CPU
		{ADEAB061-7B58-4FF6-8B0D-27612F068358}.Debug|Any CPU.ActiveCfg = Debug|Any CPU
		{ADEAB061-7B58-4FF6-8B0D-27612F068358}.Debug|Any CPU.Build.0 = Debug|Any CPU
		{ADEAB061-7B58-4FF6-8B0D-27612F068358}.Debug|Mixed Platforms.ActiveCfg = Debug|Any CPU
		{ADEAB061-7B58-4FF6-8B0D-27612F068358}.Debug|Mixed Platforms.Build.0 = Debug|Any CPU
		{ADEAB061-7B58-4FF6-8B0D-27612F068358}.Debug|x86.ActiveCfg = Debug|Any CPU
		{ADEAB061-7B58-4FF6-8B0D-27612F068358}.Release|Any CPU.ActiveCfg = Release|Any CPU
		{ADEAB061-7B58-4FF6-8B0D-27612F068358}.Release|Any CPU.Build.0 = Release|Any CPU
		{ADEAB061-7B58-4FF6-8B0D-27612F068358}.Release|Mixed Platforms.ActiveCfg = Release|Any CPU
		{ADEAB061-7B58-4FF6-8B0D-27612F068358}.Release|Mixed Platforms.Build.0 = Release|Any CPU
		{ADEAB061-7B58-4FF6-8B0D-27612F068358}.Release|x86.ActiveCfg = Release|Any CPU
		{9B8046E6-E0D7-4AED-BB79-15B894533372}.Debug|Any CPU.ActiveCfg = Debug|Any CPU
		{9B8046E6-E0D7-4AED-BB79-15B894533372}.Debug|Any CPU.Build.0 = Debug|Any CPU
		{9B8046E6-E0D7-4AED-BB79-15B894533372}.Debug|Mixed Platforms.ActiveCfg = Debug|Any CPU
		{9B8046E6-E0D7-4AED-BB79-15B894533372}.Debug|Mixed Platforms.Build.0 = Debug|Any CPU
		{9B8046E6-E0D7-4AED-BB79-15B894533372}.Debug|x86.ActiveCfg = Debug|Any CPU
		{9B8046E6-E0D7-4AED-BB79-15B894533372}.Release|Any CPU.ActiveCfg = Release|Any CPU
		{9B8046E6-E0D7-4AED-BB79-15B894533372}.Release|Any CPU.Build.0 = Release|Any CPU
		{9B8046E6-E0D7-4AED-BB79-15B894533372}.Release|Mixed Platforms.ActiveCfg = Release|Any CPU
		{9B8046E6-E0D7-4AED-BB79-15B894533372}.Release|Mixed Platforms.Build.0 = Release|Any CPU
		{9B8046E6-E0D7-4AED-BB79-15B894533372}.Release|x86.ActiveCfg = Release|Any CPU
		{37713DF4-BEE3-48A6-BD24-BEFB5FC62264}.Debug|Any CPU.ActiveCfg = Debug|x86
		{37713DF4-BEE3-48A6-BD24-BEFB5FC62264}.Debug|Mixed Platforms.ActiveCfg = Debug|x86
		{37713DF4-BEE3-48A6-BD24-BEFB5FC62264}.Debug|Mixed Platforms.Build.0 = Debug|x86
		{37713DF4-BEE3-48A6-BD24-BEFB5FC62264}.Debug|x86.ActiveCfg = Debug|x86
		{37713DF4-BEE3-48A6-BD24-BEFB5FC62264}.Debug|x86.Build.0 = Debug|x86
		{37713DF4-BEE3-48A6-BD24-BEFB5FC62264}.Release|Any CPU.ActiveCfg = Release|x86
		{37713DF4-BEE3-48A6-BD24-BEFB5FC62264}.Release|Mixed Platforms.ActiveCfg = Release|x86
		{37713DF4-BEE3-48A6-BD24-BEFB5FC62264}.Release|Mixed Platforms.Build.0 = Release|x86
		{37713DF4-BEE3-48A6-BD24-BEFB5FC62264}.Release|x86.ActiveCfg = Release|x86
		{37713DF4-BEE3-48A6-BD24-BEFB5FC62264}.Release|x86.Build.0 = Release|x86
		{5E8655E1-70B7-43E6-8E2D-39ECCB2C55F9}.Debug|Any CPU.ActiveCfg = Debug|Any CPU
		{5E8655E1-70B7-43E6-8E2D-39ECCB2C55F9}.Debug|Any CPU.Build.0 = Debug|Any CPU
		{5E8655E1-70B7-43E6-8E2D-39ECCB2C55F9}.Debug|Mixed Platforms.ActiveCfg = Debug|Any CPU
		{5E8655E1-70B7-43E6-8E2D-39ECCB2C55F9}.Debug|Mixed Platforms.Build.0 = Debug|Any CPU
		{5E8655E1-70B7-43E6-8E2D-39ECCB2C55F9}.Debug|x86.ActiveCfg = Debug|Any CPU
		{5E8655E1-70B7-43E6-8E2D-39ECCB2C55F9}.Release|Any CPU.ActiveCfg = Release|Any CPU
		{5E8655E1-70B7-43E6-8E2D-39ECCB2C55F9}.Release|Any CPU.Build.0 = Release|Any CPU
		{5E8655E1-70B7-43E6-8E2D-39ECCB2C55F9}.Release|Mixed Platforms.ActiveCfg = Release|Any CPU
		{5E8655E1-70B7-43E6-8E2D-39ECCB2C55F9}.Release|Mixed Platforms.Build.0 = Release|Any CPU
		{5E8655E1-70B7-43E6-8E2D-39ECCB2C55F9}.Release|x86.ActiveCfg = Release|Any CPU
		{5C7638C6-DF11-4590-9A1F-92EE7D882831}.Debug|Any CPU.ActiveCfg = Debug|Any CPU
		{5C7638C6-DF11-4590-9A1F-92EE7D882831}.Debug|Any CPU.Build.0 = Debug|Any CPU
		{5C7638C6-DF11-4590-9A1F-92EE7D882831}.Debug|Mixed Platforms.ActiveCfg = Debug|Any CPU
		{5C7638C6-DF11-4590-9A1F-92EE7D882831}.Debug|Mixed Platforms.Build.0 = Debug|Any CPU
		{5C7638C6-DF11-4590-9A1F-92EE7D882831}.Debug|x86.ActiveCfg = Debug|Any CPU
		{5C7638C6-DF11-4590-9A1F-92EE7D882831}.Release|Any CPU.ActiveCfg = Release|Any CPU
		{5C7638C6-DF11-4590-9A1F-92EE7D882831}.Release|Any CPU.Build.0 = Release|Any CPU
		{5C7638C6-DF11-4590-9A1F-92EE7D882831}.Release|Mixed Platforms.ActiveCfg = Release|Any CPU
		{5C7638C6-DF11-4590-9A1F-92EE7D882831}.Release|Mixed Platforms.Build.0 = Release|Any CPU
		{5C7638C6-DF11-4590-9A1F-92EE7D882831}.Release|x86.ActiveCfg = Release|Any CPU
		{9A03239A-2EB9-4E1C-9666-61F81CF17F85}.Debug|Any CPU.ActiveCfg = Debug|x86
		{9A03239A-2EB9-4E1C-9666-61F81CF17F85}.Debug|Mixed Platforms.ActiveCfg = Debug|x86
		{9A03239A-2EB9-4E1C-9666-61F81CF17F85}.Debug|Mixed Platforms.Build.0 = Debug|x86
		{9A03239A-2EB9-4E1C-9666-61F81CF17F85}.Debug|x86.ActiveCfg = Debug|x86
		{9A03239A-2EB9-4E1C-9666-61F81CF17F85}.Debug|x86.Build.0 = Debug|x86
		{9A03239A-2EB9-4E1C-9666-61F81CF17F85}.Release|Any CPU.ActiveCfg = Release|x86
		{9A03239A-2EB9-4E1C-9666-61F81CF17F85}.Release|Mixed Platforms.ActiveCfg = Release|x86
		{9A03239A-2EB9-4E1C-9666-61F81CF17F85}.Release|Mixed Platforms.Build.0 = Release|x86
		{9A03239A-2EB9-4E1C-9666-61F81CF17F85}.Release|x86.ActiveCfg = Release|x86
		{9A03239A-2EB9-4E1C-9666-61F81CF17F85}.Release|x86.Build.0 = Release|x86
		{687FE4B7-C6A4-49A8-9EE8-1593C820341C}.Debug|Any CPU.ActiveCfg = Debug|Any CPU
		{687FE4B7-C6A4-49A8-9EE8-1593C820341C}.Debug|Any CPU.Build.0 = Debug|Any CPU
		{687FE4B7-C6A4-49A8-9EE8-1593C820341C}.Debug|Mixed Platforms.ActiveCfg = Debug|Any CPU
		{687FE4B7-C6A4-49A8-9EE8-1593C820341C}.Debug|Mixed Platforms.Build.0 = Debug|Any CPU
		{687FE4B7-C6A4-49A8-9EE8-1593C820341C}.Debug|x86.ActiveCfg = Debug|Any CPU
		{687FE4B7-C6A4-49A8-9EE8-1593C820341C}.Release|Any CPU.ActiveCfg = Release|Any CPU
		{687FE4B7-C6A4-49A8-9EE8-1593C820341C}.Release|Any CPU.Build.0 = Release|Any CPU
		{687FE4B7-C6A4-49A8-9EE8-1593C820341C}.Release|Mixed Platforms.ActiveCfg = Release|Any CPU
		{687FE4B7-C6A4-49A8-9EE8-1593C820341C}.Release|Mixed Platforms.Build.0 = Release|Any CPU
		{687FE4B7-C6A4-49A8-9EE8-1593C820341C}.Release|x86.ActiveCfg = Release|Any CPU
		{5846FEBE-FFD6-4143-B35C-1873BBB7FEBB}.Debug|Any CPU.ActiveCfg = Debug|Any CPU
		{5846FEBE-FFD6-4143-B35C-1873BBB7FEBB}.Debug|Any CPU.Build.0 = Debug|Any CPU
		{5846FEBE-FFD6-4143-B35C-1873BBB7FEBB}.Debug|Mixed Platforms.ActiveCfg = Debug|Any CPU
		{5846FEBE-FFD6-4143-B35C-1873BBB7FEBB}.Debug|Mixed Platforms.Build.0 = Debug|Any CPU
		{5846FEBE-FFD6-4143-B35C-1873BBB7FEBB}.Debug|x86.ActiveCfg = Debug|Any CPU
		{5846FEBE-FFD6-4143-B35C-1873BBB7FEBB}.Release|Any CPU.ActiveCfg = Release|Any CPU
		{5846FEBE-FFD6-4143-B35C-1873BBB7FEBB}.Release|Any CPU.Build.0 = Release|Any CPU
		{5846FEBE-FFD6-4143-B35C-1873BBB7FEBB}.Release|Mixed Platforms.ActiveCfg = Release|Any CPU
		{5846FEBE-FFD6-4143-B35C-1873BBB7FEBB}.Release|Mixed Platforms.Build.0 = Release|Any CPU
		{5846FEBE-FFD6-4143-B35C-1873BBB7FEBB}.Release|x86.ActiveCfg = Release|Any CPU
		{2219742E-E5EC-47E5-BB12-3009099945DB}.Debug|Any CPU.ActiveCfg = Debug|Any CPU
		{2219742E-E5EC-47E5-BB12-3009099945DB}.Debug|Any CPU.Build.0 = Debug|Any CPU
		{2219742E-E5EC-47E5-BB12-3009099945DB}.Debug|Mixed Platforms.ActiveCfg = Debug|Any CPU
		{2219742E-E5EC-47E5-BB12-3009099945DB}.Debug|Mixed Platforms.Build.0 = Debug|Any CPU
		{2219742E-E5EC-47E5-BB12-3009099945DB}.Debug|x86.ActiveCfg = Debug|Any CPU
		{2219742E-E5EC-47E5-BB12-3009099945DB}.Release|Any CPU.ActiveCfg = Release|Any CPU
		{2219742E-E5EC-47E5-BB12-3009099945DB}.Release|Any CPU.Build.0 = Release|Any CPU
		{2219742E-E5EC-47E5-BB12-3009099945DB}.Release|Mixed Platforms.ActiveCfg = Release|Any CPU
		{2219742E-E5EC-47E5-BB12-3009099945DB}.Release|Mixed Platforms.Build.0 = Release|Any CPU
		{2219742E-E5EC-47E5-BB12-3009099945DB}.Release|x86.ActiveCfg = Release|Any CPU
		{58A44294-4710-41F0-AB79-CF96A29371F8}.Debug|Any CPU.ActiveCfg = Debug|Any CPU
		{58A44294-4710-41F0-AB79-CF96A29371F8}.Debug|Any CPU.Build.0 = Debug|Any CPU
		{58A44294-4710-41F0-AB79-CF96A29371F8}.Debug|Mixed Platforms.ActiveCfg = Debug|Any CPU
		{58A44294-4710-41F0-AB79-CF96A29371F8}.Debug|Mixed Platforms.Build.0 = Debug|Any CPU
		{58A44294-4710-41F0-AB79-CF96A29371F8}.Debug|x86.ActiveCfg = Debug|Any CPU
		{58A44294-4710-41F0-AB79-CF96A29371F8}.Release|Any CPU.ActiveCfg = Release|Any CPU
		{58A44294-4710-41F0-AB79-CF96A29371F8}.Release|Any CPU.Build.0 = Release|Any CPU
		{58A44294-4710-41F0-AB79-CF96A29371F8}.Release|Mixed Platforms.ActiveCfg = Release|Any CPU
		{58A44294-4710-41F0-AB79-CF96A29371F8}.Release|Mixed Platforms.Build.0 = Release|Any CPU
		{58A44294-4710-41F0-AB79-CF96A29371F8}.Release|x86.ActiveCfg = Release|Any CPU
		{DBBA9B97-9B78-43CD-9E55-7DAA7DE081E3}.Debug|Any CPU.ActiveCfg = Debug|Any CPU
		{DBBA9B97-9B78-43CD-9E55-7DAA7DE081E3}.Debug|Any CPU.Build.0 = Debug|Any CPU
		{DBBA9B97-9B78-43CD-9E55-7DAA7DE081E3}.Debug|Mixed Platforms.ActiveCfg = Debug|Any CPU
		{DBBA9B97-9B78-43CD-9E55-7DAA7DE081E3}.Debug|Mixed Platforms.Build.0 = Debug|Any CPU
		{DBBA9B97-9B78-43CD-9E55-7DAA7DE081E3}.Debug|x86.ActiveCfg = Debug|Any CPU
		{DBBA9B97-9B78-43CD-9E55-7DAA7DE081E3}.Release|Any CPU.ActiveCfg = Release|Any CPU
		{DBBA9B97-9B78-43CD-9E55-7DAA7DE081E3}.Release|Any CPU.Build.0 = Release|Any CPU
		{DBBA9B97-9B78-43CD-9E55-7DAA7DE081E3}.Release|Mixed Platforms.ActiveCfg = Release|Any CPU
		{DBBA9B97-9B78-43CD-9E55-7DAA7DE081E3}.Release|Mixed Platforms.Build.0 = Release|Any CPU
		{DBBA9B97-9B78-43CD-9E55-7DAA7DE081E3}.Release|x86.ActiveCfg = Release|Any CPU
		{E29B1528-FE2A-420C-9C79-51CA59575B12}.Debug|Any CPU.ActiveCfg = Debug|x86
		{E29B1528-FE2A-420C-9C79-51CA59575B12}.Debug|Mixed Platforms.ActiveCfg = Debug|x86
		{E29B1528-FE2A-420C-9C79-51CA59575B12}.Debug|Mixed Platforms.Build.0 = Debug|x86
		{E29B1528-FE2A-420C-9C79-51CA59575B12}.Debug|x86.ActiveCfg = Debug|x86
		{E29B1528-FE2A-420C-9C79-51CA59575B12}.Debug|x86.Build.0 = Debug|x86
		{E29B1528-FE2A-420C-9C79-51CA59575B12}.Release|Any CPU.ActiveCfg = Release|x86
		{E29B1528-FE2A-420C-9C79-51CA59575B12}.Release|Mixed Platforms.ActiveCfg = Release|x86
		{E29B1528-FE2A-420C-9C79-51CA59575B12}.Release|Mixed Platforms.Build.0 = Release|x86
		{E29B1528-FE2A-420C-9C79-51CA59575B12}.Release|x86.ActiveCfg = Release|x86
		{E29B1528-FE2A-420C-9C79-51CA59575B12}.Release|x86.Build.0 = Release|x86
		{398A2E39-C50A-4E83-8BBC-176394F4B6BD}.Debug|Any CPU.ActiveCfg = Debug|Any CPU
		{398A2E39-C50A-4E83-8BBC-176394F4B6BD}.Debug|Any CPU.Build.0 = Debug|Any CPU
		{398A2E39-C50A-4E83-8BBC-176394F4B6BD}.Debug|Mixed Platforms.ActiveCfg = Debug|Any CPU
		{398A2E39-C50A-4E83-8BBC-176394F4B6BD}.Debug|Mixed Platforms.Build.0 = Debug|Any CPU
		{398A2E39-C50A-4E83-8BBC-176394F4B6BD}.Debug|x86.ActiveCfg = Debug|Any CPU
		{398A2E39-C50A-4E83-8BBC-176394F4B6BD}.Release|Any CPU.ActiveCfg = Release|Any CPU
		{398A2E39-C50A-4E83-8BBC-176394F4B6BD}.Release|Any CPU.Build.0 = Release|Any CPU
		{398A2E39-C50A-4E83-8BBC-176394F4B6BD}.Release|Mixed Platforms.ActiveCfg = Release|Any CPU
		{398A2E39-C50A-4E83-8BBC-176394F4B6BD}.Release|Mixed Platforms.Build.0 = Release|Any CPU
		{398A2E39-C50A-4E83-8BBC-176394F4B6BD}.Release|x86.ActiveCfg = Release|Any CPU
		{2DF9C0EE-1BBD-411B-A4BE-9DEF4A6DCA5A}.Debug|Any CPU.ActiveCfg = Debug|Any CPU
		{2DF9C0EE-1BBD-411B-A4BE-9DEF4A6DCA5A}.Debug|Any CPU.Build.0 = Debug|Any CPU
		{2DF9C0EE-1BBD-411B-A4BE-9DEF4A6DCA5A}.Debug|Mixed Platforms.ActiveCfg = Debug|Any CPU
		{2DF9C0EE-1BBD-411B-A4BE-9DEF4A6DCA5A}.Debug|Mixed Platforms.Build.0 = Debug|Any CPU
		{2DF9C0EE-1BBD-411B-A4BE-9DEF4A6DCA5A}.Debug|x86.ActiveCfg = Debug|Any CPU
		{2DF9C0EE-1BBD-411B-A4BE-9DEF4A6DCA5A}.Release|Any CPU.ActiveCfg = Release|Any CPU
		{2DF9C0EE-1BBD-411B-A4BE-9DEF4A6DCA5A}.Release|Any CPU.Build.0 = Release|Any CPU
		{2DF9C0EE-1BBD-411B-A4BE-9DEF4A6DCA5A}.Release|Mixed Platforms.ActiveCfg = Release|Any CPU
		{2DF9C0EE-1BBD-411B-A4BE-9DEF4A6DCA5A}.Release|Mixed Platforms.Build.0 = Release|Any CPU
		{2DF9C0EE-1BBD-411B-A4BE-9DEF4A6DCA5A}.Release|x86.ActiveCfg = Release|Any CPU
		{04A1A79F-10F4-49DF-B296-53AE21E288CF}.Debug|Any CPU.ActiveCfg = Debug|Any CPU
		{04A1A79F-10F4-49DF-B296-53AE21E288CF}.Debug|Any CPU.Build.0 = Debug|Any CPU
		{04A1A79F-10F4-49DF-B296-53AE21E288CF}.Debug|Mixed Platforms.ActiveCfg = Debug|Any CPU
		{04A1A79F-10F4-49DF-B296-53AE21E288CF}.Debug|Mixed Platforms.Build.0 = Debug|Any CPU
		{04A1A79F-10F4-49DF-B296-53AE21E288CF}.Debug|x86.ActiveCfg = Debug|Any CPU
		{04A1A79F-10F4-49DF-B296-53AE21E288CF}.Release|Any CPU.ActiveCfg = Release|Any CPU
		{04A1A79F-10F4-49DF-B296-53AE21E288CF}.Release|Any CPU.Build.0 = Release|Any CPU
		{04A1A79F-10F4-49DF-B296-53AE21E288CF}.Release|Mixed Platforms.ActiveCfg = Release|Any CPU
		{04A1A79F-10F4-49DF-B296-53AE21E288CF}.Release|Mixed Platforms.Build.0 = Release|Any CPU
		{04A1A79F-10F4-49DF-B296-53AE21E288CF}.Release|x86.ActiveCfg = Release|Any CPU
		{9D721287-3E5C-4406-A334-33F9932ED86E}.Debug|Any CPU.ActiveCfg = Debug|Any CPU
		{9D721287-3E5C-4406-A334-33F9932ED86E}.Debug|Any CPU.Build.0 = Debug|Any CPU
		{9D721287-3E5C-4406-A334-33F9932ED86E}.Debug|Mixed Platforms.ActiveCfg = Debug|Any CPU
		{9D721287-3E5C-4406-A334-33F9932ED86E}.Debug|Mixed Platforms.Build.0 = Debug|Any CPU
		{9D721287-3E5C-4406-A334-33F9932ED86E}.Debug|x86.ActiveCfg = Debug|Any CPU
		{9D721287-3E5C-4406-A334-33F9932ED86E}.Debug|x86.Build.0 = Debug|Any CPU
		{9D721287-3E5C-4406-A334-33F9932ED86E}.Release|Any CPU.ActiveCfg = Release|Any CPU
		{9D721287-3E5C-4406-A334-33F9932ED86E}.Release|Any CPU.Build.0 = Release|Any CPU
		{9D721287-3E5C-4406-A334-33F9932ED86E}.Release|Mixed Platforms.ActiveCfg = Release|Any CPU
		{9D721287-3E5C-4406-A334-33F9932ED86E}.Release|Mixed Platforms.Build.0 = Release|Any CPU
		{9D721287-3E5C-4406-A334-33F9932ED86E}.Release|x86.ActiveCfg = Release|Any CPU
		{9D721287-3E5C-4406-A334-33F9932ED86E}.Release|x86.Build.0 = Release|Any CPU
	EndGlobalSection
	GlobalSection(SolutionProperties) = preSolution
		HideSolutionNode = FALSE
	EndGlobalSection
	GlobalSection(ExtensibilityGlobals) = postSolution
		SolutionGuid = {6910A0A6-50B7-4C3B-AFB8-A6F20F96E85E}
	EndGlobalSection
EndGlobal
