
Microsoft Visual Studio Solution File, Format Version 12.00
# Visual Studio Version 16
VisualStudioVersion = 16.0.29025.244
MinimumVisualStudioVersion = 10.0.40219.1
Project("{9A19103F-16F7-4668-BE54-9A1E7A4F7556}") = "6-FileToConsoleStreaming", "ConsoleToFile\6-FileToConsoleStreaming.csproj", "{5687A9C4-137C-4386-B846-E8FFF262024A}"
EndProject
Project("{9A19103F-16F7-4668-BE54-9A1E7A4F7556}") = "FileCopy", "FileCopy\FileCopy.csproj", "{51EE038B-E649-49FB-A3F3-1219FD854037}"
EndProject
Project("{9A19103F-16F7-4668-BE54-9A1E7A4F7556}") = "CompressFile", "CompressFile\CompressFile.csproj", "{9D3685E7-A667-4F47-8108-9F93A742B6EB}"
EndProject
Project("{9A19103F-16F7-4668-BE54-9A1E7A4F7556}") = "ShowFileSecurity", "ShowFileSecurity\ShowFileSecurity.csproj", "{F321387F-45D2-4059-A34F-39FA9304F73F}"
EndProject
Project("{9A19103F-16F7-4668-BE54-9A1E7A4F7556}") = "Find", "Find\Find.csproj", "{3F7A568B-B83B-43CF-8E29-EE5761D56094}"
EndProject
Project("{9A19103F-16F7-4668-BE54-9A1E7A4F7556}") = "Exists", "Exists\Exists.csproj", "{7BE9ADD7-789A-4BFE-B1C8-99683FF7411A}"
EndProject
Project("{9A19103F-16F7-4668-BE54-9A1E7A4F7556}") = "EnumDirectories", "EnumDirectories\EnumDirectories.csproj", "{90ED2963-6978-4E01-8CC0-F5311EB2D3D7}"
EndProject
Project("{9A19103F-16F7-4668-BE54-9A1E7A4F7556}") = "4-PathDemo", "PathDemo\4-PathDemo.csproj", "{44DEEFBD-5D52-4437-904A-77D4F64B473D}"
EndProject
Project("{9A19103F-16F7-4668-BE54-9A1E7A4F7556}") = "EnumDrives", "EnumDrives\EnumDrives.csproj", "{302DBD25-A471-4EC5-AE22-EB6D01085C52}"
EndProject
Project("{9A19103F-16F7-4668-BE54-9A1E7A4F7556}") = "9b-WatchForChanges", "WatchForChanges\9b-WatchForChanges.csproj", "{4CD53727-3E7B-4990-BB3E-BA59B3595BC0}"
EndProject
Project("{9A19103F-16F7-4668-BE54-9A1E7A4F7556}") = "WellKnownDirectories", "WellKnownDirectories\WellKnownDirectories.csproj", "{E3612B27-9964-4B2C-A65D-069713BA91BF}"
EndProject
Project("{9A19103F-16F7-4668-BE54-9A1E7A4F7556}") = "SerializeVertex", "SerializeVertex\SerializeVertex.csproj", "{84923597-5C4D-459E-B4E2-BF5FCEFD53E1}"
EndProject
Project("{9A19103F-16F7-4668-BE54-9A1E7A4F7556}") = "BrowseForDirectories", "BrowseForDirectories\BrowseForDirectories.csproj", "{ACF59197-05F6-4C15-BAFE-1C2AC51D8218}"
EndProject
Project("{9A19103F-16F7-4668-BE54-9A1E7A4F7556}") = "IsolatedStorageDemo", "IsolatedStorageDemo\IsolatedStorageDemo.csproj", "{87B42AA5-34B7-4956-88AA-791F1441C705}"
EndProject
Project("{9A19103F-16F7-4668-BE54-9A1E7A4F7556}") = "1-FractionOperators", "RationalOperators\1-FractionOperators.csproj", "{F27EA06F-645E-4D58-BEEF-621F6ED94EE1}"
EndProject
Project("{9A19103F-16F7-4668-BE54-9A1E7A4F7556}") = "8-TestSerialization", "TestSerialization\8-TestSerialization.csproj", "{EB82E2B4-598A-4023-A573-8A80C9F60997}"
EndProject
Project("{9A19103F-16F7-4668-BE54-9A1E7A4F7556}") = "2b-TestInheritance", "TestInheritance\2b-TestInheritance.csproj", "{4D336D79-4A17-4ACE-ACC6-D642427A0B41}"
EndProject
Project("{9A19103F-16F7-4668-BE54-9A1E7A4F7556}") = "5-ReadAllText", "ConsoleApplication1\5-ReadAllText.csproj", "{7BA48FD1-4478-4BE9-A01E-AC0A61D12646}"
EndProject
Project("{9A19103F-16F7-4668-BE54-9A1E7A4F7556}") = "9a-ZipFile", "ZipFile\9a-ZipFile.csproj", "{1C8E3392-1007-47EF-803B-723ECBA5BFBD}"
EndProject
Project("{9A19103F-16F7-4668-BE54-9A1E7A4F7556}") = "3-TestSorting", "TestSorting\3-TestSorting.csproj", "{0ACCA62F-D31E-4110-917B-B6A6208A7A9F}"
EndProject
Project("{9A19103F-16F7-4668-BE54-9A1E7A4F7556}") = "RestApiDemo", "RestApiDemo - nog zonder api key\RestApiDemo\RestApiDemo.csproj", "{5E8E705F-CC09-41B8-B0DA-8FC00BCC36F9}"
EndProject
Project("{9A19103F-16F7-4668-BE54-9A1E7A4F7556}") = "6-FileToConsoleCore", "6-FileToConsoleCore\6-FileToConsoleCore.csproj", "{7BA67E4C-53E4-4BC9-897C-E2A4683E523A}"
EndProject
Project("{9A19103F-16F7-4668-BE54-9A1E7A4F7556}") = "LesVoorbeeld", "LesVoorbeeld\LesVoorbeeld.csproj", "{63162471-F13C-4A62-A955-061A215C0B37}"
EndProject
Project("{9A19103F-16F7-4668-BE54-9A1E7A4F7556}") = "8-WoningSerialization", "8-WoningSerialization\8-WoningSerialization.csproj", "{5593FE13-2CC8-4797-BE35-73C29315F918}"
EndProject
Project("{FAE04EC0-301F-11D3-BF4B-00C04F79EFBC}") = "Records", "Records\Records.csproj", "{487EA877-ABC1-4C40-97FE-0238FDF4ECF5}"
EndProject
Global
	GlobalSection(SolutionConfigurationPlatforms) = preSolution
		Debug|Any CPU = Debug|Any CPU
		Debug|Mixed Platforms = Debug|Mixed Platforms
		Debug|x86 = Debug|x86
		Release|Any CPU = Release|Any CPU
		Release|Mixed Platforms = Release|Mixed Platforms
		Release|x86 = Release|x86
	EndGlobalSection
	GlobalSection(ProjectConfigurationPlatforms) = postSolution
		{5687A9C4-137C-4386-B846-E8FFF262024A}.Debug|Any CPU.ActiveCfg = Debug|Any CPU
		{5687A9C4-137C-4386-B846-E8FFF262024A}.Debug|Any CPU.Build.0 = Debug|Any CPU
		{5687A9C4-137C-4386-B846-E8FFF262024A}.Debug|Mixed Platforms.ActiveCfg = Debug|Any CPU
		{5687A9C4-137C-4386-B846-E8FFF262024A}.Debug|Mixed Platforms.Build.0 = Debug|Any CPU
		{5687A9C4-137C-4386-B846-E8FFF262024A}.Debug|x86.ActiveCfg = Debug|Any CPU
		{5687A9C4-137C-4386-B846-E8FFF262024A}.Release|Any CPU.ActiveCfg = Release|Any CPU
		{5687A9C4-137C-4386-B846-E8FFF262024A}.Release|Any CPU.Build.0 = Release|Any CPU
		{5687A9C4-137C-4386-B846-E8FFF262024A}.Release|Mixed Platforms.ActiveCfg = Release|Any CPU
		{5687A9C4-137C-4386-B846-E8FFF262024A}.Release|Mixed Platforms.Build.0 = Release|Any CPU
		{5687A9C4-137C-4386-B846-E8FFF262024A}.Release|x86.ActiveCfg = Release|Any CPU
		{51EE038B-E649-49FB-A3F3-1219FD854037}.Debug|Any CPU.ActiveCfg = Debug|Any CPU
		{51EE038B-E649-49FB-A3F3-1219FD854037}.Debug|Any CPU.Build.0 = Debug|Any CPU
		{51EE038B-E649-49FB-A3F3-1219FD854037}.Debug|Mixed Platforms.ActiveCfg = Debug|Any CPU
		{51EE038B-E649-49FB-A3F3-1219FD854037}.Debug|Mixed Platforms.Build.0 = Debug|Any CPU
		{51EE038B-E649-49FB-A3F3-1219FD854037}.Debug|x86.ActiveCfg = Debug|Any CPU
		{51EE038B-E649-49FB-A3F3-1219FD854037}.Release|Any CPU.ActiveCfg = Release|Any CPU
		{51EE038B-E649-49FB-A3F3-1219FD854037}.Release|Any CPU.Build.0 = Release|Any CPU
		{51EE038B-E649-49FB-A3F3-1219FD854037}.Release|Mixed Platforms.ActiveCfg = Release|Any CPU
		{51EE038B-E649-49FB-A3F3-1219FD854037}.Release|Mixed Platforms.Build.0 = Release|Any CPU
		{51EE038B-E649-49FB-A3F3-1219FD854037}.Release|x86.ActiveCfg = Release|Any CPU
		{9D3685E7-A667-4F47-8108-9F93A742B6EB}.Debug|Any CPU.ActiveCfg = Debug|Any CPU
		{9D3685E7-A667-4F47-8108-9F93A742B6EB}.Debug|Any CPU.Build.0 = Debug|Any CPU
		{9D3685E7-A667-4F47-8108-9F93A742B6EB}.Debug|Mixed Platforms.ActiveCfg = Debug|Any CPU
		{9D3685E7-A667-4F47-8108-9F93A742B6EB}.Debug|Mixed Platforms.Build.0 = Debug|Any CPU
		{9D3685E7-A667-4F47-8108-9F93A742B6EB}.Debug|x86.ActiveCfg = Debug|Any CPU
		{9D3685E7-A667-4F47-8108-9F93A742B6EB}.Release|Any CPU.ActiveCfg = Release|Any CPU
		{9D3685E7-A667-4F47-8108-9F93A742B6EB}.Release|Any CPU.Build.0 = Release|Any CPU
		{9D3685E7-A667-4F47-8108-9F93A742B6EB}.Release|Mixed Platforms.ActiveCfg = Release|Any CPU
		{9D3685E7-A667-4F47-8108-9F93A742B6EB}.Release|Mixed Platforms.Build.0 = Release|Any CPU
		{9D3685E7-A667-4F47-8108-9F93A742B6EB}.Release|x86.ActiveCfg = Release|Any CPU
		{F321387F-45D2-4059-A34F-39FA9304F73F}.Debug|Any CPU.ActiveCfg = Debug|Any CPU
		{F321387F-45D2-4059-A34F-39FA9304F73F}.Debug|Any CPU.Build.0 = Debug|Any CPU
		{F321387F-45D2-4059-A34F-39FA9304F73F}.Debug|Mixed Platforms.ActiveCfg = Debug|Any CPU
		{F321387F-45D2-4059-A34F-39FA9304F73F}.Debug|Mixed Platforms.Build.0 = Debug|Any CPU
		{F321387F-45D2-4059-A34F-39FA9304F73F}.Debug|x86.ActiveCfg = Debug|Any CPU
		{F321387F-45D2-4059-A34F-39FA9304F73F}.Release|Any CPU.ActiveCfg = Release|Any CPU
		{F321387F-45D2-4059-A34F-39FA9304F73F}.Release|Any CPU.Build.0 = Release|Any CPU
		{F321387F-45D2-4059-A34F-39FA9304F73F}.Release|Mixed Platforms.ActiveCfg = Release|Any CPU
		{F321387F-45D2-4059-A34F-39FA9304F73F}.Release|Mixed Platforms.Build.0 = Release|Any CPU
		{F321387F-45D2-4059-A34F-39FA9304F73F}.Release|x86.ActiveCfg = Release|Any CPU
		{3F7A568B-B83B-43CF-8E29-EE5761D56094}.Debug|Any CPU.ActiveCfg = Debug|Any CPU
		{3F7A568B-B83B-43CF-8E29-EE5761D56094}.Debug|Any CPU.Build.0 = Debug|Any CPU
		{3F7A568B-B83B-43CF-8E29-EE5761D56094}.Debug|Mixed Platforms.ActiveCfg = Debug|Any CPU
		{3F7A568B-B83B-43CF-8E29-EE5761D56094}.Debug|Mixed Platforms.Build.0 = Debug|Any CPU
		{3F7A568B-B83B-43CF-8E29-EE5761D56094}.Debug|x86.ActiveCfg = Debug|Any CPU
		{3F7A568B-B83B-43CF-8E29-EE5761D56094}.Release|Any CPU.ActiveCfg = Release|Any CPU
		{3F7A568B-B83B-43CF-8E29-EE5761D56094}.Release|Any CPU.Build.0 = Release|Any CPU
		{3F7A568B-B83B-43CF-8E29-EE5761D56094}.Release|Mixed Platforms.ActiveCfg = Release|Any CPU
		{3F7A568B-B83B-43CF-8E29-EE5761D56094}.Release|Mixed Platforms.Build.0 = Release|Any CPU
		{3F7A568B-B83B-43CF-8E29-EE5761D56094}.Release|x86.ActiveCfg = Release|Any CPU
		{7BE9ADD7-789A-4BFE-B1C8-99683FF7411A}.Debug|Any CPU.ActiveCfg = Debug|Any CPU
		{7BE9ADD7-789A-4BFE-B1C8-99683FF7411A}.Debug|Any CPU.Build.0 = Debug|Any CPU
		{7BE9ADD7-789A-4BFE-B1C8-99683FF7411A}.Debug|Mixed Platforms.ActiveCfg = Debug|Any CPU
		{7BE9ADD7-789A-4BFE-B1C8-99683FF7411A}.Debug|Mixed Platforms.Build.0 = Debug|Any CPU
		{7BE9ADD7-789A-4BFE-B1C8-99683FF7411A}.Debug|x86.ActiveCfg = Debug|Any CPU
		{7BE9ADD7-789A-4BFE-B1C8-99683FF7411A}.Release|Any CPU.ActiveCfg = Release|Any CPU
		{7BE9ADD7-789A-4BFE-B1C8-99683FF7411A}.Release|Any CPU.Build.0 = Release|Any CPU
		{7BE9ADD7-789A-4BFE-B1C8-99683FF7411A}.Release|Mixed Platforms.ActiveCfg = Release|Any CPU
		{7BE9ADD7-789A-4BFE-B1C8-99683FF7411A}.Release|Mixed Platforms.Build.0 = Release|Any CPU
		{7BE9ADD7-789A-4BFE-B1C8-99683FF7411A}.Release|x86.ActiveCfg = Release|Any CPU
		{90ED2963-6978-4E01-8CC0-F5311EB2D3D7}.Debug|Any CPU.ActiveCfg = Debug|Any CPU
		{90ED2963-6978-4E01-8CC0-F5311EB2D3D7}.Debug|Any CPU.Build.0 = Debug|Any CPU
		{90ED2963-6978-4E01-8CC0-F5311EB2D3D7}.Debug|Mixed Platforms.ActiveCfg = Debug|Any CPU
		{90ED2963-6978-4E01-8CC0-F5311EB2D3D7}.Debug|Mixed Platforms.Build.0 = Debug|Any CPU
		{90ED2963-6978-4E01-8CC0-F5311EB2D3D7}.Debug|x86.ActiveCfg = Debug|Any CPU
		{90ED2963-6978-4E01-8CC0-F5311EB2D3D7}.Release|Any CPU.ActiveCfg = Release|Any CPU
		{90ED2963-6978-4E01-8CC0-F5311EB2D3D7}.Release|Any CPU.Build.0 = Release|Any CPU
		{90ED2963-6978-4E01-8CC0-F5311EB2D3D7}.Release|Mixed Platforms.ActiveCfg = Release|Any CPU
		{90ED2963-6978-4E01-8CC0-F5311EB2D3D7}.Release|Mixed Platforms.Build.0 = Release|Any CPU
		{90ED2963-6978-4E01-8CC0-F5311EB2D3D7}.Release|x86.ActiveCfg = Release|Any CPU
		{44DEEFBD-5D52-4437-904A-77D4F64B473D}.Debug|Any CPU.ActiveCfg = Debug|Any CPU
		{44DEEFBD-5D52-4437-904A-77D4F64B473D}.Debug|Any CPU.Build.0 = Debug|Any CPU
		{44DEEFBD-5D52-4437-904A-77D4F64B473D}.Debug|Mixed Platforms.ActiveCfg = Debug|Any CPU
		{44DEEFBD-5D52-4437-904A-77D4F64B473D}.Debug|Mixed Platforms.Build.0 = Debug|Any CPU
		{44DEEFBD-5D52-4437-904A-77D4F64B473D}.Debug|x86.ActiveCfg = Debug|Any CPU
		{44DEEFBD-5D52-4437-904A-77D4F64B473D}.Release|Any CPU.ActiveCfg = Release|Any CPU
		{44DEEFBD-5D52-4437-904A-77D4F64B473D}.Release|Any CPU.Build.0 = Release|Any CPU
		{44DEEFBD-5D52-4437-904A-77D4F64B473D}.Release|Mixed Platforms.ActiveCfg = Release|Any CPU
		{44DEEFBD-5D52-4437-904A-77D4F64B473D}.Release|Mixed Platforms.Build.0 = Release|Any CPU
		{44DEEFBD-5D52-4437-904A-77D4F64B473D}.Release|x86.ActiveCfg = Release|Any CPU
		{302DBD25-A471-4EC5-AE22-EB6D01085C52}.Debug|Any CPU.ActiveCfg = Debug|Any CPU
		{302DBD25-A471-4EC5-AE22-EB6D01085C52}.Debug|Any CPU.Build.0 = Debug|Any CPU
		{302DBD25-A471-4EC5-AE22-EB6D01085C52}.Debug|Mixed Platforms.ActiveCfg = Debug|Any CPU
		{302DBD25-A471-4EC5-AE22-EB6D01085C52}.Debug|Mixed Platforms.Build.0 = Debug|Any CPU
		{302DBD25-A471-4EC5-AE22-EB6D01085C52}.Debug|x86.ActiveCfg = Debug|Any CPU
		{302DBD25-A471-4EC5-AE22-EB6D01085C52}.Release|Any CPU.ActiveCfg = Release|Any CPU
		{302DBD25-A471-4EC5-AE22-EB6D01085C52}.Release|Any CPU.Build.0 = Release|Any CPU
		{302DBD25-A471-4EC5-AE22-EB6D01085C52}.Release|Mixed Platforms.ActiveCfg = Release|Any CPU
		{302DBD25-A471-4EC5-AE22-EB6D01085C52}.Release|Mixed Platforms.Build.0 = Release|Any CPU
		{302DBD25-A471-4EC5-AE22-EB6D01085C52}.Release|x86.ActiveCfg = Release|Any CPU
		{4CD53727-3E7B-4990-BB3E-BA59B3595BC0}.Debug|Any CPU.ActiveCfg = Debug|Any CPU
		{4CD53727-3E7B-4990-BB3E-BA59B3595BC0}.Debug|Any CPU.Build.0 = Debug|Any CPU
		{4CD53727-3E7B-4990-BB3E-BA59B3595BC0}.Debug|Mixed Platforms.ActiveCfg = Debug|Any CPU
		{4CD53727-3E7B-4990-BB3E-BA59B3595BC0}.Debug|Mixed Platforms.Build.0 = Debug|Any CPU
		{4CD53727-3E7B-4990-BB3E-BA59B3595BC0}.Debug|x86.ActiveCfg = Debug|Any CPU
		{4CD53727-3E7B-4990-BB3E-BA59B3595BC0}.Release|Any CPU.ActiveCfg = Release|Any CPU
		{4CD53727-3E7B-4990-BB3E-BA59B3595BC0}.Release|Any CPU.Build.0 = Release|Any CPU
		{4CD53727-3E7B-4990-BB3E-BA59B3595BC0}.Release|Mixed Platforms.ActiveCfg = Release|Any CPU
		{4CD53727-3E7B-4990-BB3E-BA59B3595BC0}.Release|Mixed Platforms.Build.0 = Release|Any CPU
		{4CD53727-3E7B-4990-BB3E-BA59B3595BC0}.Release|x86.ActiveCfg = Release|Any CPU
		{E3612B27-9964-4B2C-A65D-069713BA91BF}.Debug|Any CPU.ActiveCfg = Debug|Any CPU
		{E3612B27-9964-4B2C-A65D-069713BA91BF}.Debug|Any CPU.Build.0 = Debug|Any CPU
		{E3612B27-9964-4B2C-A65D-069713BA91BF}.Debug|Mixed Platforms.ActiveCfg = Debug|Any CPU
		{E3612B27-9964-4B2C-A65D-069713BA91BF}.Debug|Mixed Platforms.Build.0 = Debug|Any CPU
		{E3612B27-9964-4B2C-A65D-069713BA91BF}.Debug|x86.ActiveCfg = Debug|Any CPU
		{E3612B27-9964-4B2C-A65D-069713BA91BF}.Release|Any CPU.ActiveCfg = Release|Any CPU
		{E3612B27-9964-4B2C-A65D-069713BA91BF}.Release|Any CPU.Build.0 = Release|Any CPU
		{E3612B27-9964-4B2C-A65D-069713BA91BF}.Release|Mixed Platforms.ActiveCfg = Release|Any CPU
		{E3612B27-9964-4B2C-A65D-069713BA91BF}.Release|Mixed Platforms.Build.0 = Release|Any CPU
		{E3612B27-9964-4B2C-A65D-069713BA91BF}.Release|x86.ActiveCfg = Release|Any CPU
		{84923597-5C4D-459E-B4E2-BF5FCEFD53E1}.Debug|Any CPU.ActiveCfg = Debug|Any CPU
		{84923597-5C4D-459E-B4E2-BF5FCEFD53E1}.Debug|Any CPU.Build.0 = Debug|Any CPU
		{84923597-5C4D-459E-B4E2-BF5FCEFD53E1}.Debug|Mixed Platforms.ActiveCfg = Debug|Any CPU
		{84923597-5C4D-459E-B4E2-BF5FCEFD53E1}.Debug|Mixed Platforms.Build.0 = Debug|Any CPU
		{84923597-5C4D-459E-B4E2-BF5FCEFD53E1}.Debug|x86.ActiveCfg = Debug|Any CPU
		{84923597-5C4D-459E-B4E2-BF5FCEFD53E1}.Release|Any CPU.ActiveCfg = Release|Any CPU
		{84923597-5C4D-459E-B4E2-BF5FCEFD53E1}.Release|Any CPU.Build.0 = Release|Any CPU
		{84923597-5C4D-459E-B4E2-BF5FCEFD53E1}.Release|Mixed Platforms.ActiveCfg = Release|Any CPU
		{84923597-5C4D-459E-B4E2-BF5FCEFD53E1}.Release|Mixed Platforms.Build.0 = Release|Any CPU
		{84923597-5C4D-459E-B4E2-BF5FCEFD53E1}.Release|x86.ActiveCfg = Release|Any CPU
		{ACF59197-05F6-4C15-BAFE-1C2AC51D8218}.Debug|Any CPU.ActiveCfg = Debug|Any CPU
		{ACF59197-05F6-4C15-BAFE-1C2AC51D8218}.Debug|Any CPU.Build.0 = Debug|Any CPU
		{ACF59197-05F6-4C15-BAFE-1C2AC51D8218}.Debug|Mixed Platforms.ActiveCfg = Debug|Any CPU
		{ACF59197-05F6-4C15-BAFE-1C2AC51D8218}.Debug|Mixed Platforms.Build.0 = Debug|Any CPU
		{ACF59197-05F6-4C15-BAFE-1C2AC51D8218}.Debug|x86.ActiveCfg = Debug|Any CPU
		{ACF59197-05F6-4C15-BAFE-1C2AC51D8218}.Debug|x86.Build.0 = Debug|Any CPU
		{ACF59197-05F6-4C15-BAFE-1C2AC51D8218}.Release|Any CPU.ActiveCfg = Release|Any CPU
		{ACF59197-05F6-4C15-BAFE-1C2AC51D8218}.Release|Any CPU.Build.0 = Release|Any CPU
		{ACF59197-05F6-4C15-BAFE-1C2AC51D8218}.Release|Mixed Platforms.ActiveCfg = Release|Any CPU
		{ACF59197-05F6-4C15-BAFE-1C2AC51D8218}.Release|Mixed Platforms.Build.0 = Release|Any CPU
		{ACF59197-05F6-4C15-BAFE-1C2AC51D8218}.Release|x86.ActiveCfg = Release|Any CPU
		{ACF59197-05F6-4C15-BAFE-1C2AC51D8218}.Release|x86.Build.0 = Release|Any CPU
		{87B42AA5-34B7-4956-88AA-791F1441C705}.Debug|Any CPU.ActiveCfg = Debug|Any CPU
		{87B42AA5-34B7-4956-88AA-791F1441C705}.Debug|Any CPU.Build.0 = Debug|Any CPU
		{87B42AA5-34B7-4956-88AA-791F1441C705}.Debug|Mixed Platforms.ActiveCfg = Debug|Any CPU
		{87B42AA5-34B7-4956-88AA-791F1441C705}.Debug|Mixed Platforms.Build.0 = Debug|Any CPU
		{87B42AA5-34B7-4956-88AA-791F1441C705}.Debug|x86.ActiveCfg = Debug|Any CPU
		{87B42AA5-34B7-4956-88AA-791F1441C705}.Debug|x86.Build.0 = Debug|Any CPU
		{87B42AA5-34B7-4956-88AA-791F1441C705}.Release|Any CPU.ActiveCfg = Release|Any CPU
		{87B42AA5-34B7-4956-88AA-791F1441C705}.Release|Any CPU.Build.0 = Release|Any CPU
		{87B42AA5-34B7-4956-88AA-791F1441C705}.Release|Mixed Platforms.ActiveCfg = Release|Any CPU
		{87B42AA5-34B7-4956-88AA-791F1441C705}.Release|Mixed Platforms.Build.0 = Release|Any CPU
		{87B42AA5-34B7-4956-88AA-791F1441C705}.Release|x86.ActiveCfg = Release|Any CPU
		{87B42AA5-34B7-4956-88AA-791F1441C705}.Release|x86.Build.0 = Release|Any CPU
		{F27EA06F-645E-4D58-BEEF-621F6ED94EE1}.Debug|Any CPU.ActiveCfg = Debug|Any CPU
		{F27EA06F-645E-4D58-BEEF-621F6ED94EE1}.Debug|Any CPU.Build.0 = Debug|Any CPU
		{F27EA06F-645E-4D58-BEEF-621F6ED94EE1}.Debug|Mixed Platforms.ActiveCfg = Debug|Any CPU
		{F27EA06F-645E-4D58-BEEF-621F6ED94EE1}.Debug|Mixed Platforms.Build.0 = Debug|Any CPU
		{F27EA06F-645E-4D58-BEEF-621F6ED94EE1}.Debug|x86.ActiveCfg = Debug|Any CPU
		{F27EA06F-645E-4D58-BEEF-621F6ED94EE1}.Release|Any CPU.ActiveCfg = Release|Any CPU
		{F27EA06F-645E-4D58-BEEF-621F6ED94EE1}.Release|Any CPU.Build.0 = Release|Any CPU
		{F27EA06F-645E-4D58-BEEF-621F6ED94EE1}.Release|Mixed Platforms.ActiveCfg = Release|Any CPU
		{F27EA06F-645E-4D58-BEEF-621F6ED94EE1}.Release|Mixed Platforms.Build.0 = Release|Any CPU
		{F27EA06F-645E-4D58-BEEF-621F6ED94EE1}.Release|x86.ActiveCfg = Release|Any CPU
		{EB82E2B4-598A-4023-A573-8A80C9F60997}.Debug|Any CPU.ActiveCfg = Debug|Any CPU
		{EB82E2B4-598A-4023-A573-8A80C9F60997}.Debug|Any CPU.Build.0 = Debug|Any CPU
		{EB82E2B4-598A-4023-A573-8A80C9F60997}.Debug|Mixed Platforms.ActiveCfg = Debug|Any CPU
		{EB82E2B4-598A-4023-A573-8A80C9F60997}.Debug|Mixed Platforms.Build.0 = Debug|Any CPU
		{EB82E2B4-598A-4023-A573-8A80C9F60997}.Debug|x86.ActiveCfg = Debug|Any CPU
		{EB82E2B4-598A-4023-A573-8A80C9F60997}.Release|Any CPU.ActiveCfg = Release|Any CPU
		{EB82E2B4-598A-4023-A573-8A80C9F60997}.Release|Any CPU.Build.0 = Release|Any CPU
		{EB82E2B4-598A-4023-A573-8A80C9F60997}.Release|Mixed Platforms.ActiveCfg = Release|Any CPU
		{EB82E2B4-598A-4023-A573-8A80C9F60997}.Release|Mixed Platforms.Build.0 = Release|Any CPU
		{EB82E2B4-598A-4023-A573-8A80C9F60997}.Release|x86.ActiveCfg = Release|Any CPU
		{4D336D79-4A17-4ACE-ACC6-D642427A0B41}.Debug|Any CPU.ActiveCfg = Debug|Any CPU
		{4D336D79-4A17-4ACE-ACC6-D642427A0B41}.Debug|Any CPU.Build.0 = Debug|Any CPU
		{4D336D79-4A17-4ACE-ACC6-D642427A0B41}.Debug|Mixed Platforms.ActiveCfg = Debug|Any CPU
		{4D336D79-4A17-4ACE-ACC6-D642427A0B41}.Debug|Mixed Platforms.Build.0 = Debug|Any CPU
		{4D336D79-4A17-4ACE-ACC6-D642427A0B41}.Debug|x86.ActiveCfg = Debug|Any CPU
		{4D336D79-4A17-4ACE-ACC6-D642427A0B41}.Release|Any CPU.ActiveCfg = Release|Any CPU
		{4D336D79-4A17-4ACE-ACC6-D642427A0B41}.Release|Any CPU.Build.0 = Release|Any CPU
		{4D336D79-4A17-4ACE-ACC6-D642427A0B41}.Release|Mixed Platforms.ActiveCfg = Release|Any CPU
		{4D336D79-4A17-4ACE-ACC6-D642427A0B41}.Release|Mixed Platforms.Build.0 = Release|Any CPU
		{4D336D79-4A17-4ACE-ACC6-D642427A0B41}.Release|x86.ActiveCfg = Release|Any CPU
		{7BA48FD1-4478-4BE9-A01E-AC0A61D12646}.Debug|Any CPU.ActiveCfg = Debug|Any CPU
		{7BA48FD1-4478-4BE9-A01E-AC0A61D12646}.Debug|Any CPU.Build.0 = Debug|Any CPU
		{7BA48FD1-4478-4BE9-A01E-AC0A61D12646}.Debug|Mixed Platforms.ActiveCfg = Debug|Any CPU
		{7BA48FD1-4478-4BE9-A01E-AC0A61D12646}.Debug|Mixed Platforms.Build.0 = Debug|Any CPU
		{7BA48FD1-4478-4BE9-A01E-AC0A61D12646}.Debug|x86.ActiveCfg = Debug|Any CPU
		{7BA48FD1-4478-4BE9-A01E-AC0A61D12646}.Debug|x86.Build.0 = Debug|Any CPU
		{7BA48FD1-4478-4BE9-A01E-AC0A61D12646}.Release|Any CPU.ActiveCfg = Release|Any CPU
		{7BA48FD1-4478-4BE9-A01E-AC0A61D12646}.Release|Any CPU.Build.0 = Release|Any CPU
		{7BA48FD1-4478-4BE9-A01E-AC0A61D12646}.Release|Mixed Platforms.ActiveCfg = Release|Any CPU
		{7BA48FD1-4478-4BE9-A01E-AC0A61D12646}.Release|Mixed Platforms.Build.0 = Release|Any CPU
		{7BA48FD1-4478-4BE9-A01E-AC0A61D12646}.Release|x86.ActiveCfg = Release|Any CPU
		{7BA48FD1-4478-4BE9-A01E-AC0A61D12646}.Release|x86.Build.0 = Release|Any CPU
		{1C8E3392-1007-47EF-803B-723ECBA5BFBD}.Debug|Any CPU.ActiveCfg = Debug|Any CPU
		{1C8E3392-1007-47EF-803B-723ECBA5BFBD}.Debug|Any CPU.Build.0 = Debug|Any CPU
		{1C8E3392-1007-47EF-803B-723ECBA5BFBD}.Debug|Mixed Platforms.ActiveCfg = Debug|Any CPU
		{1C8E3392-1007-47EF-803B-723ECBA5BFBD}.Debug|Mixed Platforms.Build.0 = Debug|Any CPU
		{1C8E3392-1007-47EF-803B-723ECBA5BFBD}.Debug|x86.ActiveCfg = Debug|Any CPU
		{1C8E3392-1007-47EF-803B-723ECBA5BFBD}.Debug|x86.Build.0 = Debug|Any CPU
		{1C8E3392-1007-47EF-803B-723ECBA5BFBD}.Release|Any CPU.ActiveCfg = Release|Any CPU
		{1C8E3392-1007-47EF-803B-723ECBA5BFBD}.Release|Any CPU.Build.0 = Release|Any CPU
		{1C8E3392-1007-47EF-803B-723ECBA5BFBD}.Release|Mixed Platforms.ActiveCfg = Release|Any CPU
		{1C8E3392-1007-47EF-803B-723ECBA5BFBD}.Release|Mixed Platforms.Build.0 = Release|Any CPU
		{1C8E3392-1007-47EF-803B-723ECBA5BFBD}.Release|x86.ActiveCfg = Release|Any CPU
		{1C8E3392-1007-47EF-803B-723ECBA5BFBD}.Release|x86.Build.0 = Release|Any CPU
		{0ACCA62F-D31E-4110-917B-B6A6208A7A9F}.Debug|Any CPU.ActiveCfg = Debug|Any CPU
		{0ACCA62F-D31E-4110-917B-B6A6208A7A9F}.Debug|Any CPU.Build.0 = Debug|Any CPU
		{0ACCA62F-D31E-4110-917B-B6A6208A7A9F}.Debug|Mixed Platforms.ActiveCfg = Debug|Any CPU
		{0ACCA62F-D31E-4110-917B-B6A6208A7A9F}.Debug|Mixed Platforms.Build.0 = Debug|Any CPU
		{0ACCA62F-D31E-4110-917B-B6A6208A7A9F}.Debug|x86.ActiveCfg = Debug|Any CPU
		{0ACCA62F-D31E-4110-917B-B6A6208A7A9F}.Debug|x86.Build.0 = Debug|Any CPU
		{0ACCA62F-D31E-4110-917B-B6A6208A7A9F}.Release|Any CPU.ActiveCfg = Release|Any CPU
		{0ACCA62F-D31E-4110-917B-B6A6208A7A9F}.Release|Any CPU.Build.0 = Release|Any CPU
		{0ACCA62F-D31E-4110-917B-B6A6208A7A9F}.Release|Mixed Platforms.ActiveCfg = Release|Any CPU
		{0ACCA62F-D31E-4110-917B-B6A6208A7A9F}.Release|Mixed Platforms.Build.0 = Release|Any CPU
		{0ACCA62F-D31E-4110-917B-B6A6208A7A9F}.Release|x86.ActiveCfg = Release|Any CPU
		{0ACCA62F-D31E-4110-917B-B6A6208A7A9F}.Release|x86.Build.0 = Release|Any CPU
		{5E8E705F-CC09-41B8-B0DA-8FC00BCC36F9}.Debug|Any CPU.ActiveCfg = Debug|Any CPU
		{5E8E705F-CC09-41B8-B0DA-8FC00BCC36F9}.Debug|Any CPU.Build.0 = Debug|Any CPU
		{5E8E705F-CC09-41B8-B0DA-8FC00BCC36F9}.Debug|Mixed Platforms.ActiveCfg = Debug|Any CPU
		{5E8E705F-CC09-41B8-B0DA-8FC00BCC36F9}.Debug|Mixed Platforms.Build.0 = Debug|Any CPU
		{5E8E705F-CC09-41B8-B0DA-8FC00BCC36F9}.Debug|x86.ActiveCfg = Debug|Any CPU
		{5E8E705F-CC09-41B8-B0DA-8FC00BCC36F9}.Debug|x86.Build.0 = Debug|Any CPU
		{5E8E705F-CC09-41B8-B0DA-8FC00BCC36F9}.Release|Any CPU.ActiveCfg = Release|Any CPU
		{5E8E705F-CC09-41B8-B0DA-8FC00BCC36F9}.Release|Any CPU.Build.0 = Release|Any CPU
		{5E8E705F-CC09-41B8-B0DA-8FC00BCC36F9}.Release|Mixed Platforms.ActiveCfg = Release|Any CPU
		{5E8E705F-CC09-41B8-B0DA-8FC00BCC36F9}.Release|Mixed Platforms.Build.0 = Release|Any CPU
		{5E8E705F-CC09-41B8-B0DA-8FC00BCC36F9}.Release|x86.ActiveCfg = Release|Any CPU
		{5E8E705F-CC09-41B8-B0DA-8FC00BCC36F9}.Release|x86.Build.0 = Release|Any CPU
		{7BA67E4C-53E4-4BC9-897C-E2A4683E523A}.Debug|Any CPU.ActiveCfg = Debug|Any CPU
		{7BA67E4C-53E4-4BC9-897C-E2A4683E523A}.Debug|Any CPU.Build.0 = Debug|Any CPU
		{7BA67E4C-53E4-4BC9-897C-E2A4683E523A}.Debug|Mixed Platforms.ActiveCfg = Debug|Any CPU
		{7BA67E4C-53E4-4BC9-897C-E2A4683E523A}.Debug|Mixed Platforms.Build.0 = Debug|Any CPU
		{7BA67E4C-53E4-4BC9-897C-E2A4683E523A}.Debug|x86.ActiveCfg = Debug|Any CPU
		{7BA67E4C-53E4-4BC9-897C-E2A4683E523A}.Debug|x86.Build.0 = Debug|Any CPU
		{7BA67E4C-53E4-4BC9-897C-E2A4683E523A}.Release|Any CPU.ActiveCfg = Release|Any CPU
		{7BA67E4C-53E4-4BC9-897C-E2A4683E523A}.Release|Any CPU.Build.0 = Release|Any CPU
		{7BA67E4C-53E4-4BC9-897C-E2A4683E523A}.Release|Mixed Platforms.ActiveCfg = Release|Any CPU
		{7BA67E4C-53E4-4BC9-897C-E2A4683E523A}.Release|Mixed Platforms.Build.0 = Release|Any CPU
		{7BA67E4C-53E4-4BC9-897C-E2A4683E523A}.Release|x86.ActiveCfg = Release|Any CPU
		{7BA67E4C-53E4-4BC9-897C-E2A4683E523A}.Release|x86.Build.0 = Release|Any CPU
		{63162471-F13C-4A62-A955-061A215C0B37}.Debug|Any CPU.ActiveCfg = Debug|Any CPU
		{63162471-F13C-4A62-A955-061A215C0B37}.Debug|Any CPU.Build.0 = Debug|Any CPU
		{63162471-F13C-4A62-A955-061A215C0B37}.Debug|Mixed Platforms.ActiveCfg = Debug|Any CPU
		{63162471-F13C-4A62-A955-061A215C0B37}.Debug|Mixed Platforms.Build.0 = Debug|Any CPU
		{63162471-F13C-4A62-A955-061A215C0B37}.Debug|x86.ActiveCfg = Debug|Any CPU
		{63162471-F13C-4A62-A955-061A215C0B37}.Debug|x86.Build.0 = Debug|Any CPU
		{63162471-F13C-4A62-A955-061A215C0B37}.Release|Any CPU.ActiveCfg = Release|Any CPU
		{63162471-F13C-4A62-A955-061A215C0B37}.Release|Any CPU.Build.0 = Release|Any CPU
		{63162471-F13C-4A62-A955-061A215C0B37}.Release|Mixed Platforms.ActiveCfg = Release|Any CPU
		{63162471-F13C-4A62-A955-061A215C0B37}.Release|Mixed Platforms.Build.0 = Release|Any CPU
		{63162471-F13C-4A62-A955-061A215C0B37}.Release|x86.ActiveCfg = Release|Any CPU
		{63162471-F13C-4A62-A955-061A215C0B37}.Release|x86.Build.0 = Release|Any CPU
		{5593FE13-2CC8-4797-BE35-73C29315F918}.Debug|Any CPU.ActiveCfg = Debug|Any CPU
		{5593FE13-2CC8-4797-BE35-73C29315F918}.Debug|Any CPU.Build.0 = Debug|Any CPU
		{5593FE13-2CC8-4797-BE35-73C29315F918}.Debug|Mixed Platforms.ActiveCfg = Debug|Any CPU
		{5593FE13-2CC8-4797-BE35-73C29315F918}.Debug|Mixed Platforms.Build.0 = Debug|Any CPU
		{5593FE13-2CC8-4797-BE35-73C29315F918}.Debug|x86.ActiveCfg = Debug|Any CPU
		{5593FE13-2CC8-4797-BE35-73C29315F918}.Debug|x86.Build.0 = Debug|Any CPU
		{5593FE13-2CC8-4797-BE35-73C29315F918}.Release|Any CPU.ActiveCfg = Release|Any CPU
		{5593FE13-2CC8-4797-BE35-73C29315F918}.Release|Any CPU.Build.0 = Release|Any CPU
		{5593FE13-2CC8-4797-BE35-73C29315F918}.Release|Mixed Platforms.ActiveCfg = Release|Any CPU
		{5593FE13-2CC8-4797-BE35-73C29315F918}.Release|Mixed Platforms.Build.0 = Release|Any CPU
		{5593FE13-2CC8-4797-BE35-73C29315F918}.Release|x86.ActiveCfg = Release|Any CPU
		{5593FE13-2CC8-4797-BE35-73C29315F918}.Release|x86.Build.0 = Release|Any CPU
		{487EA877-ABC1-4C40-97FE-0238FDF4ECF5}.Debug|Any CPU.ActiveCfg = Debug|Any CPU
		{487EA877-ABC1-4C40-97FE-0238FDF4ECF5}.Debug|Any CPU.Build.0 = Debug|Any CPU
		{487EA877-ABC1-4C40-97FE-0238FDF4ECF5}.Debug|Mixed Platforms.ActiveCfg = Debug|Any CPU
		{487EA877-ABC1-4C40-97FE-0238FDF4ECF5}.Debug|Mixed Platforms.Build.0 = Debug|Any CPU
		{487EA877-ABC1-4C40-97FE-0238FDF4ECF5}.Debug|x86.ActiveCfg = Debug|Any CPU
		{487EA877-ABC1-4C40-97FE-0238FDF4ECF5}.Debug|x86.Build.0 = Debug|Any CPU
		{487EA877-ABC1-4C40-97FE-0238FDF4ECF5}.Release|Any CPU.ActiveCfg = Release|Any CPU
		{487EA877-ABC1-4C40-97FE-0238FDF4ECF5}.Release|Any CPU.Build.0 = Release|Any CPU
		{487EA877-ABC1-4C40-97FE-0238FDF4ECF5}.Release|Mixed Platforms.ActiveCfg = Release|Any CPU
		{487EA877-ABC1-4C40-97FE-0238FDF4ECF5}.Release|Mixed Platforms.Build.0 = Release|Any CPU
		{487EA877-ABC1-4C40-97FE-0238FDF4ECF5}.Release|x86.ActiveCfg = Release|Any CPU
		{487EA877-ABC1-4C40-97FE-0238FDF4ECF5}.Release|x86.Build.0 = Release|Any CPU
	EndGlobalSection
	GlobalSection(SolutionProperties) = preSolution
		HideSolutionNode = FALSE
	EndGlobalSection
	GlobalSection(ExtensibilityGlobals) = postSolution
		SolutionGuid = {37613B5D-23BD-41B7-B239-FA87C45E2B41}
	EndGlobalSection
EndGlobal
